# THIS IS AN AUTOGENERATED FILE. DO NOT EDIT THIS FILE DIRECTLY.
# yarn lockfile v1


pify@^2.3.0:
  version "2.3.0"
  resolved "http://registry.npm.taobao.org/pify/download/pify-2.3.0.tgz#ed141a6ac043a849ea588498e7dca8b15330e90c"

wallpaper@^2.6.0:
  version "2.6.0"
  resolved "http://registry.npm.taobao.org/wallpaper/download/wallpaper-2.6.0.tgz#e04390918cb5ecc6ad41bc9026cb2c66f6682b20"
  dependencies:
    pify "^2.3.0"
